{
  "name": "interactive-card-details-form-main",
  "lockfileVersion": 2,
  "requires": true,
  "packages": {
    "": {
      "dependencies": {
        "just-validate": "^3.10.0"
      }
    },
    "node_modules/just-validate": {
      "version": "3.10.0",
      "resolved": "https://registry.npmjs.org/just-validate/-/just-validate-3.10.0.tgz",
      "integrity": "sha512-789+Y7yTwcyCReD+wWAnjGzbWTWth5yHMT9MvaM3RLDExQfmIDye/X8ziHOhI2UDa7ef7HMAb6cFifTaKJa5Yg=="
    }
  },
  "dependencies": {
    "just-validate": {
      "version": "3.10.0",
      "resolved": "https://registry.npmjs.org/just-validate/-/just-validate-3.10.0.tgz",
      "integrity": "sha512-789+Y7yTwcyCReD+wWAnjGzbWTWth5yHMT9MvaM3RLDExQfmIDye/X8ziHOhI2UDa7ef7HMAb6cFifTaKJa5Yg=="
    }
  }
}
